// !$*UTF8*$!
{
	archiveVersion = 1;
	classes = {
	};
	objectVersion = 51;
	objects = {

/* Begin PBXBuildFile section */
		34048F6526841AB800F6EDA1 /* MomentsRepo.swift in Sources */ = {isa = PBXBuildFile; fileRef = 34048F6426841AB800F6EDA1 /* MomentsRepo.swift */; };
		34048F6926841C7000F6EDA1 /* MomentsListViewModel.swift in Sources */ = {isa = PBXBuildFile; fileRef = 34048F6826841C7000F6EDA1 /* MomentsListViewModel.swift */; };
		34048F6B26841C7600F6EDA1 /* ListViewModel.swift in Sources */ = {isa = PBXBuildFile; fileRef = 34048F6A26841C7600F6EDA1 /* ListViewModel.swift */; };
		34048F6D26841C9400F6EDA1 /* ListItemViewModel.swift in Sources */ = {isa = PBXBuildFile; fileRef = 34048F6C26841C9400F6EDA1 /* ListItemViewModel.swift */; };
		34048F712684216900F6EDA1 /* BaseTableViewCell.swift in Sources */ = {isa = PBXBuildFile; fileRef = 34048F702684216800F6EDA1 /* BaseTableViewCell.swift */; };
		34048F732684217A00F6EDA1 /* ListItemComponent.swift in Sources */ = {isa = PBXBuildFile; fileRef = 34048F722684217A00F6EDA1 /* ListItemComponent.swift */; };
		34048F752684218700F6EDA1 /* UserProfileListItemView.swift in Sources */ = {isa = PBXBuildFile; fileRef = 34048F742684218700F6EDA1 /* UserProfileListItemView.swift */; };
		34048F79268427A400F6EDA1 /* UserProfileListItemViewModel.swift in Sources */ = {isa = PBXBuildFile; fileRef = 34048F78268427A400F6EDA1 /* UserProfileListItemViewModel.swift */; };
		34048F7B26842BDB00F6EDA1 /* ListItemView.swift in Sources */ = {isa = PBXBuildFile; fileRef = 34048F7A26842BDB00F6EDA1 /* ListItemView.swift */; };
		34048F7D26842C5E00F6EDA1 /* BaseListItemView.swift in Sources */ = {isa = PBXBuildFile; fileRef = 34048F7C26842C5E00F6EDA1 /* BaseListItemView.swift */; };
		34048F7F2684300300F6EDA1 /* ListItemCell.swift in Sources */ = {isa = PBXBuildFile; fileRef = 34048F7E2684300300F6EDA1 /* ListItemCell.swift */; };
		34048F832684350F00F6EDA1 /* MomentsListViewController.swift in Sources */ = {isa = PBXBuildFile; fileRef = 34048F822684350F00F6EDA1 /* MomentsListViewController.swift */; };
		34048F852684706600F6EDA1 /* MomentListItemView.swift in Sources */ = {isa = PBXBuildFile; fileRef = 34048F842684706600F6EDA1 /* MomentListItemView.swift */; };
		34048F872684788900F6EDA1 /* MomentListItemViewModel.swift in Sources */ = {isa = PBXBuildFile; fileRef = 34048F862684788900F6EDA1 /* MomentListItemViewModel.swift */; };
		34048F89268482F100F6EDA1 /* BaseTableViewController.swift in Sources */ = {isa = PBXBuildFile; fileRef = 34048F88268482F100F6EDA1 /* BaseTableViewController.swift */; };
		34048F8C26848B8900F6EDA1 /* TogglesDataSource.swift in Sources */ = {isa = PBXBuildFile; fileRef = 34048F8B26848B8900F6EDA1 /* TogglesDataSource.swift */; };
		343395582680D52A005C1854 /* UIApplicationExtensions.swift in Sources */ = {isa = PBXBuildFile; fileRef = 343395572680D52A005C1854 /* UIApplicationExtensions.swift */; };
		3433955F2680DE94005C1854 /* InternalMenuRouter.swift in Sources */ = {isa = PBXBuildFile; fileRef = 3433955E2680DE94005C1854 /* InternalMenuRouter.swift */; };
		343395612680E019005C1854 /* DesignKitDemoItemViewModel.swift in Sources */ = {isa = PBXBuildFile; fileRef = 343395602680E019005C1854 /* DesignKitDemoItemViewModel.swift */; };
		343395632680E02E005C1854 /* InternalMenuActionTriggerItemViewModel.swift in Sources */ = {isa = PBXBuildFile; fileRef = 343395622680E02E005C1854 /* InternalMenuActionTriggerItemViewModel.swift */; };
		343395652680E049005C1854 /* InternalMenuActionTriggerCell.swift in Sources */ = {isa = PBXBuildFile; fileRef = 343395642680E049005C1854 /* InternalMenuActionTriggerCell.swift */; };
		343395672680E52F005C1854 /* DesignKitDemoViewController.swift in Sources */ = {isa = PBXBuildFile; fileRef = 343395662680E52F005C1854 /* DesignKitDemoViewController.swift */; };
		343868DF268338BB00A51B99 /* MomentsDetails.swift in Sources */ = {isa = PBXBuildFile; fileRef = 343868DE268338BB00A51B99 /* MomentsDetails.swift */; };
		343868E526833F6500A51B99 /* GetMomentsByUserIDSession.swift in Sources */ = {isa = PBXBuildFile; fileRef = 343868E426833F6500A51B99 /* GetMomentsByUserIDSession.swift */; };
		343A46DD268322FB00950DFD /* Localizable.strings in Resources */ = {isa = PBXBuildFile; fileRef = 343A46DF268322FB00950DFD /* Localizable.strings */; };
		343A46E32683261200950DFD /* Strings.swift in Sources */ = {isa = PBXBuildFile; fileRef = 343A46E22683261200950DFD /* Strings.swift */; };
		343A46EB2683331F00950DFD /* Configurations.swift in Sources */ = {isa = PBXBuildFile; fileRef = 343A46EA2683331F00950DFD /* Configurations.swift */; };
		343A46EE268333E500950DFD /* API.swift in Sources */ = {isa = PBXBuildFile; fileRef = 343A46ED268333E500950DFD /* API.swift */; };
		343A46F02683349F00950DFD /* APISession.swift in Sources */ = {isa = PBXBuildFile; fileRef = 343A46EF2683349F00950DFD /* APISession.swift */; };
		3484F8A7267F36B20020E856 /* InternalProject.xcconfig in Resources */ = {isa = PBXBuildFile; fileRef = 3484F898267F36B20020E856 /* InternalProject.xcconfig */; };
		3484F8A8267F36B20020E856 /* AppStoreTarget.xcconfig in Resources */ = {isa = PBXBuildFile; fileRef = 3484F899267F36B20020E856 /* AppStoreTarget.xcconfig */; };
		3484F8A9267F36B20020E856 /* CompilerAndLanguage.xcconfig in Resources */ = {isa = PBXBuildFile; fileRef = 3484F89A267F36B20020E856 /* CompilerAndLanguage.xcconfig */; };
		3484F8AA267F36B20020E856 /* AppStoreProject.xcconfig in Resources */ = {isa = PBXBuildFile; fileRef = 3484F89B267F36B20020E856 /* AppStoreProject.xcconfig */; };
		3484F8AB267F36B20020E856 /* DebugTarget.xcconfig in Resources */ = {isa = PBXBuildFile; fileRef = 3484F89C267F36B20020E856 /* DebugTarget.xcconfig */; };
		3484F8AC267F36B20020E856 /* InternalTarget.xcconfig in Resources */ = {isa = PBXBuildFile; fileRef = 3484F89D267F36B20020E856 /* InternalTarget.xcconfig */; };
		3484F8AD267F36B20020E856 /* GoogleService-Info-Development.plist in Resources */ = {isa = PBXBuildFile; fileRef = 3484F89F267F36B20020E856 /* GoogleService-Info-Development.plist */; };
		3484F8AE267F36B20020E856 /* GoogleService-Info-Internal.plist in Resources */ = {isa = PBXBuildFile; fileRef = 3484F8A0267F36B20020E856 /* GoogleService-Info-Internal.plist */; };
		3484F8AF267F36B20020E856 /* GoogleService-Info-AppStore.plist in Resources */ = {isa = PBXBuildFile; fileRef = 3484F8A1267F36B20020E856 /* GoogleService-Info-AppStore.plist */; };
		3484F8B0267F36B20020E856 /* DebugProject.xcconfig in Resources */ = {isa = PBXBuildFile; fileRef = 3484F8A2267F36B20020E856 /* DebugProject.xcconfig */; };
		3484F8B1267F36B20020E856 /* BaseConfigurations.xcconfig in Resources */ = {isa = PBXBuildFile; fileRef = 3484F8A3267F36B20020E856 /* BaseConfigurations.xcconfig */; };
		3484F8B2267F36B20020E856 /* BaseProject.xcconfig in Resources */ = {isa = PBXBuildFile; fileRef = 3484F8A4267F36B20020E856 /* BaseProject.xcconfig */; };
		3484F8B3267F36B20020E856 /* BaseTarget.xcconfig in Resources */ = {isa = PBXBuildFile; fileRef = 3484F8A5267F36B20020E856 /* BaseTarget.xcconfig */; };
		3484F8B4267F36B20020E856 /* SDKAndDeviceSupport.xcconfig in Resources */ = {isa = PBXBuildFile; fileRef = 3484F8A6267F36B20020E856 /* SDKAndDeviceSupport.xcconfig */; };
		348F10EA267E47D100EA5EAB /* AppDelegate.swift in Sources */ = {isa = PBXBuildFile; fileRef = 348F10E9267E47D100EA5EAB /* AppDelegate.swift */; };
		348F10EC267E47D100EA5EAB /* SceneDelegate.swift in Sources */ = {isa = PBXBuildFile; fileRef = 348F10EB267E47D100EA5EAB /* SceneDelegate.swift */; };
		348F10F3267E47D100EA5EAB /* Assets.xcassets in Resources */ = {isa = PBXBuildFile; fileRef = 348F10F2267E47D100EA5EAB /* Assets.xcassets */; };
		348F10F6267E47D100EA5EAB /* LaunchScreen.storyboard in Resources */ = {isa = PBXBuildFile; fileRef = 348F10F4267E47D100EA5EAB /* LaunchScreen.storyboard */; };
		348F1101267E47D200EA5EAB /* MomentsTests.swift in Sources */ = {isa = PBXBuildFile; fileRef = 348F1100267E47D200EA5EAB /* MomentsTests.swift */; };
		348F110C267E47D200EA5EAB /* MomentsUITests.swift in Sources */ = {isa = PBXBuildFile; fileRef = 348F110B267E47D200EA5EAB /* MomentsUITests.swift */; };
		34BAC6C1267F864D00F6F144 /* Functions.swift in Sources */ = {isa = PBXBuildFile; fileRef = 34BAC6C0267F864D00F6F144 /* Functions.swift */; };
		34BAC6CA267F87FE00F6F144 /* BaseViewController.swift in Sources */ = {isa = PBXBuildFile; fileRef = 34BAC6C9267F87FE00F6F144 /* BaseViewController.swift */; };
		34BAC6CC267F884900F6F144 /* InternalMenuViewController.swift in Sources */ = {isa = PBXBuildFile; fileRef = 34BAC6CB267F884900F6F144 /* InternalMenuViewController.swift */; };
		34BAC6CE267F888F00F6F144 /* InternalMenuViewModel.swift in Sources */ = {isa = PBXBuildFile; fileRef = 34BAC6CD267F888F00F6F144 /* InternalMenuViewModel.swift */; };
		34BAC6D0267F890700F6F144 /* InternalMenuSection.swift in Sources */ = {isa = PBXBuildFile; fileRef = 34BAC6CF267F890700F6F144 /* InternalMenuSection.swift */; };
		34BAC6D2267F898500F6F144 /* InternalMenuItemViewModel.swift in Sources */ = {isa = PBXBuildFile; fileRef = 34BAC6D1267F898500F6F144 /* InternalMenuItemViewModel.swift */; };
		34BAC6D4267F8B5300F6F144 /* InternalMenuDescriptionCell.swift in Sources */ = {isa = PBXBuildFile; fileRef = 34BAC6D3267F8B5300F6F144 /* InternalMenuDescriptionCell.swift */; };
		34BAC6D6267F8B8E00F6F144 /* InternalMenuCell.swift in Sources */ = {isa = PBXBuildFile; fileRef = 34BAC6D5267F8B8E00F6F144 /* InternalMenuCell.swift */; };
		34BAC6D8267F8D0A00F6F144 /* InternalMenuDescriptionItemViewModel.swift in Sources */ = {isa = PBXBuildFile; fileRef = 34BAC6D7267F8D0A00F6F144 /* InternalMenuDescriptionItemViewModel.swift */; };
		34BAC6DB267F8DF400F6F144 /* AppRouter.swift in Sources */ = {isa = PBXBuildFile; fileRef = 34BAC6DA267F8DF400F6F144 /* AppRouter.swift */; };
		34E42E1E267F3C8D003CB6CB /* Pods_Moments.framework in Frameworks */ = {isa = PBXBuildFile; fileRef = B4723E414E8912EE45C039FD /* Pods_Moments.framework */; };
		9BCDD28D2D13968BDBE7AD86 /* Pods_MomentsTests.framework in Frameworks */ = {isa = PBXBuildFile; fileRef = BE8D984B0C06360054A3BC16 /* Pods_MomentsTests.framework */; };
/* End PBXBuildFile section */

/* Begin PBXContainerItemProxy section */
		348F10FD267E47D200EA5EAB /* PBXContainerItemProxy */ = {
			isa = PBXContainerItemProxy;
			containerPortal = 348F10DE267E47D100EA5EAB /* Project object */;
			proxyType = 1;
			remoteGlobalIDString = 348F10E5267E47D100EA5EAB;
			remoteInfo = Moments;
		};
		348F1108267E47D200EA5EAB /* PBXContainerItemProxy */ = {
			isa = PBXContainerItemProxy;
			containerPortal = 348F10DE267E47D100EA5EAB /* Project object */;
			proxyType = 1;
			remoteGlobalIDString = 348F10E5267E47D100EA5EAB;
			remoteInfo = Moments;
		};
/* End PBXContainerItemProxy section */

/* Begin PBXFileReference section */
		14AE5F1C40A804239897144E /* Pods-Moments.release.xcconfig */ = {isa = PBXFileReference; includeInIndex = 1; lastKnownFileType = text.xcconfig; name = "Pods-Moments.release.xcconfig"; path = "Target Support Files/Pods-Moments/Pods-Moments.release.xcconfig"; sourceTree = "<group>"; };
		34048F6426841AB800F6EDA1 /* MomentsRepo.swift */ = {isa = PBXFileReference; lastKnownFileType = sourcecode.swift; path = MomentsRepo.swift; sourceTree = "<group>"; };
		34048F6826841C7000F6EDA1 /* MomentsListViewModel.swift */ = {isa = PBXFileReference; lastKnownFileType = sourcecode.swift; path = MomentsListViewModel.swift; sourceTree = "<group>"; };
		34048F6A26841C7600F6EDA1 /* ListViewModel.swift */ = {isa = PBXFileReference; lastKnownFileType = sourcecode.swift; path = ListViewModel.swift; sourceTree = "<group>"; };
		34048F6C26841C9400F6EDA1 /* ListItemViewModel.swift */ = {isa = PBXFileReference; lastKnownFileType = sourcecode.swift; path = ListItemViewModel.swift; sourceTree = "<group>"; };
		34048F702684216800F6EDA1 /* BaseTableViewCell.swift */ = {isa = PBXFileReference; lastKnownFileType = sourcecode.swift; path = BaseTableViewCell.swift; sourceTree = "<group>"; };
		34048F722684217A00F6EDA1 /* ListItemComponent.swift */ = {isa = PBXFileReference; lastKnownFileType = sourcecode.swift; path = ListItemComponent.swift; sourceTree = "<group>"; };
		34048F742684218700F6EDA1 /* UserProfileListItemView.swift */ = {isa = PBXFileReference; lastKnownFileType = sourcecode.swift; path = UserProfileListItemView.swift; sourceTree = "<group>"; };
		34048F78268427A400F6EDA1 /* UserProfileListItemViewModel.swift */ = {isa = PBXFileReference; lastKnownFileType = sourcecode.swift; path = UserProfileListItemViewModel.swift; sourceTree = "<group>"; };
		34048F7A26842BDB00F6EDA1 /* ListItemView.swift */ = {isa = PBXFileReference; lastKnownFileType = sourcecode.swift; path = ListItemView.swift; sourceTree = "<group>"; };
		34048F7C26842C5E00F6EDA1 /* BaseListItemView.swift */ = {isa = PBXFileReference; lastKnownFileType = sourcecode.swift; path = BaseListItemView.swift; sourceTree = "<group>"; };
		34048F7E2684300300F6EDA1 /* ListItemCell.swift */ = {isa = PBXFileReference; lastKnownFileType = sourcecode.swift; path = ListItemCell.swift; sourceTree = "<group>"; };
		34048F822684350F00F6EDA1 /* MomentsListViewController.swift */ = {isa = PBXFileReference; lastKnownFileType = sourcecode.swift; path = MomentsListViewController.swift; sourceTree = "<group>"; };
		34048F842684706600F6EDA1 /* MomentListItemView.swift */ = {isa = PBXFileReference; lastKnownFileType = sourcecode.swift; path = MomentListItemView.swift; sourceTree = "<group>"; };
		34048F862684788900F6EDA1 /* MomentListItemViewModel.swift */ = {isa = PBXFileReference; lastKnownFileType = sourcecode.swift; path = MomentListItemViewModel.swift; sourceTree = "<group>"; };
		34048F88268482F100F6EDA1 /* BaseTableViewController.swift */ = {isa = PBXFileReference; lastKnownFileType = sourcecode.swift; path = BaseTableViewController.swift; sourceTree = "<group>"; };
		34048F8B26848B8900F6EDA1 /* TogglesDataSource.swift */ = {isa = PBXFileReference; lastKnownFileType = sourcecode.swift; path = TogglesDataSource.swift; sourceTree = "<group>"; };
		343395572680D52A005C1854 /* UIApplicationExtensions.swift */ = {isa = PBXFileReference; lastKnownFileType = sourcecode.swift; path = UIApplicationExtensions.swift; sourceTree = "<group>"; };
		3433955E2680DE94005C1854 /* InternalMenuRouter.swift */ = {isa = PBXFileReference; lastKnownFileType = sourcecode.swift; path = InternalMenuRouter.swift; sourceTree = "<group>"; };
		343395602680E019005C1854 /* DesignKitDemoItemViewModel.swift */ = {isa = PBXFileReference; lastKnownFileType = sourcecode.swift; path = DesignKitDemoItemViewModel.swift; sourceTree = "<group>"; };
		343395622680E02E005C1854 /* InternalMenuActionTriggerItemViewModel.swift */ = {isa = PBXFileReference; lastKnownFileType = sourcecode.swift; path = InternalMenuActionTriggerItemViewModel.swift; sourceTree = "<group>"; };
		343395642680E049005C1854 /* InternalMenuActionTriggerCell.swift */ = {isa = PBXFileReference; lastKnownFileType = sourcecode.swift; path = InternalMenuActionTriggerCell.swift; sourceTree = "<group>"; };
		343395662680E52F005C1854 /* DesignKitDemoViewController.swift */ = {isa = PBXFileReference; lastKnownFileType = sourcecode.swift; path = DesignKitDemoViewController.swift; sourceTree = "<group>"; };
		343868DE268338BB00A51B99 /* MomentsDetails.swift */ = {isa = PBXFileReference; lastKnownFileType = sourcecode.swift; path = MomentsDetails.swift; sourceTree = "<group>"; };
		343868E426833F6500A51B99 /* GetMomentsByUserIDSession.swift */ = {isa = PBXFileReference; lastKnownFileType = sourcecode.swift; path = GetMomentsByUserIDSession.swift; sourceTree = "<group>"; };
		343A46DE268322FB00950DFD /* en */ = {isa = PBXFileReference; lastKnownFileType = text.plist.strings; name = en; path = en.lproj/Localizable.strings; sourceTree = "<group>"; };
		343A46E02683231000950DFD /* zh-Hans */ = {isa = PBXFileReference; lastKnownFileType = text.plist.strings; name = "zh-Hans"; path = "zh-Hans.lproj/Localizable.strings"; sourceTree = "<group>"; };
		343A46E22683261200950DFD /* Strings.swift */ = {isa = PBXFileReference; fileEncoding = 4; lastKnownFileType = sourcecode.swift; path = Strings.swift; sourceTree = "<group>"; };
		343A46E6268329D100950DFD /* Base */ = {isa = PBXFileReference; lastKnownFileType = text.plist.strings; name = Base; path = Base.lproj/Localizable.strings; sourceTree = "<group>"; };
		343A46EA2683331F00950DFD /* Configurations.swift */ = {isa = PBXFileReference; lastKnownFileType = sourcecode.swift; path = Configurations.swift; sourceTree = "<group>"; };
		343A46ED268333E500950DFD /* API.swift */ = {isa = PBXFileReference; lastKnownFileType = sourcecode.swift; path = API.swift; sourceTree = "<group>"; };
		343A46EF2683349F00950DFD /* APISession.swift */ = {isa = PBXFileReference; lastKnownFileType = sourcecode.swift; path = APISession.swift; sourceTree = "<group>"; };
		3484F898267F36B20020E856 /* InternalProject.xcconfig */ = {isa = PBXFileReference; fileEncoding = 4; lastKnownFileType = text.xcconfig; path = InternalProject.xcconfig; sourceTree = "<group>"; };
		3484F899267F36B20020E856 /* AppStoreTarget.xcconfig */ = {isa = PBXFileReference; fileEncoding = 4; lastKnownFileType = text.xcconfig; path = AppStoreTarget.xcconfig; sourceTree = "<group>"; };
		3484F89A267F36B20020E856 /* CompilerAndLanguage.xcconfig */ = {isa = PBXFileReference; fileEncoding = 4; lastKnownFileType = text.xcconfig; path = CompilerAndLanguage.xcconfig; sourceTree = "<group>"; };
		3484F89B267F36B20020E856 /* AppStoreProject.xcconfig */ = {isa = PBXFileReference; fileEncoding = 4; lastKnownFileType = text.xcconfig; path = AppStoreProject.xcconfig; sourceTree = "<group>"; };
		3484F89C267F36B20020E856 /* DebugTarget.xcconfig */ = {isa = PBXFileReference; fileEncoding = 4; lastKnownFileType = text.xcconfig; path = DebugTarget.xcconfig; sourceTree = "<group>"; };
		3484F89D267F36B20020E856 /* InternalTarget.xcconfig */ = {isa = PBXFileReference; fileEncoding = 4; lastKnownFileType = text.xcconfig; path = InternalTarget.xcconfig; sourceTree = "<group>"; };
		3484F89F267F36B20020E856 /* GoogleService-Info-Development.plist */ = {isa = PBXFileReference; fileEncoding = 4; lastKnownFileType = text.plist.xml; path = "GoogleService-Info-Development.plist"; sourceTree = "<group>"; };
		3484F8A0267F36B20020E856 /* GoogleService-Info-Internal.plist */ = {isa = PBXFileReference; fileEncoding = 4; lastKnownFileType = text.plist.xml; path = "GoogleService-Info-Internal.plist"; sourceTree = "<group>"; };
		3484F8A1267F36B20020E856 /* GoogleService-Info-AppStore.plist */ = {isa = PBXFileReference; fileEncoding = 4; lastKnownFileType = text.plist.xml; path = "GoogleService-Info-AppStore.plist"; sourceTree = "<group>"; };
		3484F8A2267F36B20020E856 /* DebugProject.xcconfig */ = {isa = PBXFileReference; fileEncoding = 4; lastKnownFileType = text.xcconfig; path = DebugProject.xcconfig; sourceTree = "<group>"; };
		3484F8A3267F36B20020E856 /* BaseConfigurations.xcconfig */ = {isa = PBXFileReference; fileEncoding = 4; lastKnownFileType = text.xcconfig; path = BaseConfigurations.xcconfig; sourceTree = "<group>"; };
		3484F8A4267F36B20020E856 /* BaseProject.xcconfig */ = {isa = PBXFileReference; fileEncoding = 4; lastKnownFileType = text.xcconfig; path = BaseProject.xcconfig; sourceTree = "<group>"; };
		3484F8A5267F36B20020E856 /* BaseTarget.xcconfig */ = {isa = PBXFileReference; fileEncoding = 4; lastKnownFileType = text.xcconfig; path = BaseTarget.xcconfig; sourceTree = "<group>"; };
		3484F8A6267F36B20020E856 /* SDKAndDeviceSupport.xcconfig */ = {isa = PBXFileReference; fileEncoding = 4; lastKnownFileType = text.xcconfig; path = SDKAndDeviceSupport.xcconfig; sourceTree = "<group>"; };
		348F10E6267E47D100EA5EAB /* Moments.app */ = {isa = PBXFileReference; explicitFileType = wrapper.application; includeInIndex = 0; path = Moments.app; sourceTree = BUILT_PRODUCTS_DIR; };
		348F10E9267E47D100EA5EAB /* AppDelegate.swift */ = {isa = PBXFileReference; lastKnownFileType = sourcecode.swift; path = AppDelegate.swift; sourceTree = "<group>"; };
		348F10EB267E47D100EA5EAB /* SceneDelegate.swift */ = {isa = PBXFileReference; lastKnownFileType = sourcecode.swift; path = SceneDelegate.swift; sourceTree = "<group>"; };
		348F10F2267E47D100EA5EAB /* Assets.xcassets */ = {isa = PBXFileReference; lastKnownFileType = folder.assetcatalog; path = Assets.xcassets; sourceTree = "<group>"; };
		348F10F5267E47D100EA5EAB /* Base */ = {isa = PBXFileReference; lastKnownFileType = file.storyboard; name = Base; path = Base.lproj/LaunchScreen.storyboard; sourceTree = "<group>"; };
		348F10F7267E47D100EA5EAB /* Info.plist */ = {isa = PBXFileReference; lastKnownFileType = text.plist.xml; path = Info.plist; sourceTree = "<group>"; };
		348F10FC267E47D200EA5EAB /* MomentsTests.xctest */ = {isa = PBXFileReference; explicitFileType = wrapper.cfbundle; includeInIndex = 0; path = MomentsTests.xctest; sourceTree = BUILT_PRODUCTS_DIR; };
		348F1100267E47D200EA5EAB /* MomentsTests.swift */ = {isa = PBXFileReference; lastKnownFileType = sourcecode.swift; path = MomentsTests.swift; sourceTree = "<group>"; };
		348F1102267E47D200EA5EAB /* Info.plist */ = {isa = PBXFileReference; lastKnownFileType = text.plist.xml; path = Info.plist; sourceTree = "<group>"; };
		348F1107267E47D200EA5EAB /* MomentsUITests.xctest */ = {isa = PBXFileReference; explicitFileType = wrapper.cfbundle; includeInIndex = 0; path = MomentsUITests.xctest; sourceTree = BUILT_PRODUCTS_DIR; };
		348F110B267E47D200EA5EAB /* MomentsUITests.swift */ = {isa = PBXFileReference; lastKnownFileType = sourcecode.swift; path = MomentsUITests.swift; sourceTree = "<group>"; };
		348F110D267E47D200EA5EAB /* Info.plist */ = {isa = PBXFileReference; lastKnownFileType = text.plist.xml; path = Info.plist; sourceTree = "<group>"; };
		34BAC6C0267F864D00F6F144 /* Functions.swift */ = {isa = PBXFileReference; lastKnownFileType = sourcecode.swift; path = Functions.swift; sourceTree = "<group>"; };
		34BAC6C9267F87FE00F6F144 /* BaseViewController.swift */ = {isa = PBXFileReference; lastKnownFileType = sourcecode.swift; path = BaseViewController.swift; sourceTree = "<group>"; };
		34BAC6CB267F884900F6F144 /* InternalMenuViewController.swift */ = {isa = PBXFileReference; lastKnownFileType = sourcecode.swift; path = InternalMenuViewController.swift; sourceTree = "<group>"; };
		34BAC6CD267F888F00F6F144 /* InternalMenuViewModel.swift */ = {isa = PBXFileReference; lastKnownFileType = sourcecode.swift; path = InternalMenuViewModel.swift; sourceTree = "<group>"; };
		34BAC6CF267F890700F6F144 /* InternalMenuSection.swift */ = {isa = PBXFileReference; lastKnownFileType = sourcecode.swift; path = InternalMenuSection.swift; sourceTree = "<group>"; };
		34BAC6D1267F898500F6F144 /* InternalMenuItemViewModel.swift */ = {isa = PBXFileReference; lastKnownFileType = sourcecode.swift; path = InternalMenuItemViewModel.swift; sourceTree = "<group>"; };
		34BAC6D3267F8B5300F6F144 /* InternalMenuDescriptionCell.swift */ = {isa = PBXFileReference; lastKnownFileType = sourcecode.swift; path = InternalMenuDescriptionCell.swift; sourceTree = "<group>"; };
		34BAC6D5267F8B8E00F6F144 /* InternalMenuCell.swift */ = {isa = PBXFileReference; lastKnownFileType = sourcecode.swift; path = InternalMenuCell.swift; sourceTree = "<group>"; };
		34BAC6D7267F8D0A00F6F144 /* InternalMenuDescriptionItemViewModel.swift */ = {isa = PBXFileReference; lastKnownFileType = sourcecode.swift; path = InternalMenuDescriptionItemViewModel.swift; sourceTree = "<group>"; };
		34BAC6DA267F8DF400F6F144 /* AppRouter.swift */ = {isa = PBXFileReference; lastKnownFileType = sourcecode.swift; path = AppRouter.swift; sourceTree = "<group>"; };
		88B35FEF6FB7941871ADD860 /* Pods-MomentsTests.internal.xcconfig */ = {isa = PBXFileReference; includeInIndex = 1; lastKnownFileType = text.xcconfig; name = "Pods-MomentsTests.internal.xcconfig"; path = "Target Support Files/Pods-MomentsTests/Pods-MomentsTests.internal.xcconfig"; sourceTree = "<group>"; };
		9943647161F3A810749BA25E /* Pods-Moments.internal.xcconfig */ = {isa = PBXFileReference; includeInIndex = 1; lastKnownFileType = text.xcconfig; name = "Pods-Moments.internal.xcconfig"; path = "Target Support Files/Pods-Moments/Pods-Moments.internal.xcconfig"; sourceTree = "<group>"; };
		9C33A38F977E9C7C895E5EA6 /* Pods-MomentsTests.appstore.xcconfig */ = {isa = PBXFileReference; includeInIndex = 1; lastKnownFileType = text.xcconfig; name = "Pods-MomentsTests.appstore.xcconfig"; path = "Target Support Files/Pods-MomentsTests/Pods-MomentsTests.appstore.xcconfig"; sourceTree = "<group>"; };
		B4723E414E8912EE45C039FD /* Pods_Moments.framework */ = {isa = PBXFileReference; explicitFileType = wrapper.framework; includeInIndex = 0; path = Pods_Moments.framework; sourceTree = BUILT_PRODUCTS_DIR; };
		BE8D984B0C06360054A3BC16 /* Pods_MomentsTests.framework */ = {isa = PBXFileReference; explicitFileType = wrapper.framework; includeInIndex = 0; path = Pods_MomentsTests.framework; sourceTree = BUILT_PRODUCTS_DIR; };
		C1C52E44DD7E03C364AAD8B5 /* Pods-Moments.appstore.xcconfig */ = {isa = PBXFileReference; includeInIndex = 1; lastKnownFileType = text.xcconfig; name = "Pods-Moments.appstore.xcconfig"; path = "Target Support Files/Pods-Moments/Pods-Moments.appstore.xcconfig"; sourceTree = "<group>"; };
		D909DF9EA964A0E56303C83F /* Pods-Moments.debug.xcconfig */ = {isa = PBXFileReference; includeInIndex = 1; lastKnownFileType = text.xcconfig; name = "Pods-Moments.debug.xcconfig"; path = "Target Support Files/Pods-Moments/Pods-Moments.debug.xcconfig"; sourceTree = "<group>"; };
		D94F2DF3780B290045E6F117 /* Pods-MomentsTests.release.xcconfig */ = {isa = PBXFileReference; includeInIndex = 1; lastKnownFileType = text.xcconfig; name = "Pods-MomentsTests.release.xcconfig"; path = "Target Support Files/Pods-MomentsTests/Pods-MomentsTests.release.xcconfig"; sourceTree = "<group>"; };
		EED26CDEFAB196DC88B14B2E /* Pods-MomentsTests.debug.xcconfig */ = {isa = PBXFileReference; includeInIndex = 1; lastKnownFileType = text.xcconfig; name = "Pods-MomentsTests.debug.xcconfig"; path = "Target Support Files/Pods-MomentsTests/Pods-MomentsTests.debug.xcconfig"; sourceTree = "<group>"; };
/* End PBXFileReference section */

/* Begin PBXFrameworksBuildPhase section */
		348F10E3267E47D100EA5EAB /* Frameworks */ = {
			isa = PBXFrameworksBuildPhase;
			buildActionMask = 2147483647;
			files = (
				34E42E1E267F3C8D003CB6CB /* Pods_Moments.framework in Frameworks */,
			);
			runOnlyForDeploymentPostprocessing = 0;
		};
		348F10F9267E47D200EA5EAB /* Frameworks */ = {
			isa = PBXFrameworksBuildPhase;
			buildActionMask = 2147483647;
			files = (
				9BCDD28D2D13968BDBE7AD86 /* Pods_MomentsTests.framework in Frameworks */,
			);
			runOnlyForDeploymentPostprocessing = 0;
		};
		348F1104267E47D200EA5EAB /* Frameworks */ = {
			isa = PBXFrameworksBuildPhase;
			buildActionMask = 2147483647;
			files = (
			);
			runOnlyForDeploymentPostprocessing = 0;
		};
/* End PBXFrameworksBuildPhase section */

/* Begin PBXGroup section */
		34048F5F26841A5800F6EDA1 /* Networking */ = {
			isa = PBXGroup;
			children = (
				343868E426833F6500A51B99 /* GetMomentsByUserIDSession.swift */,
			);
			path = Networking;
			sourceTree = "<group>";
		};
		34048F6026841A6000F6EDA1 /* Repositories */ = {
			isa = PBXGroup;
			children = (
				34048F6426841AB800F6EDA1 /* MomentsRepo.swift */,
			);
			path = Repositories;
			sourceTree = "<group>";
		};
		34048F6626841C3F00F6EDA1 /* Views */ = {
			isa = PBXGroup;
			children = (
				34048F822684350F00F6EDA1 /* MomentsListViewController.swift */,
				34048F742684218700F6EDA1 /* UserProfileListItemView.swift */,
				34048F842684706600F6EDA1 /* MomentListItemView.swift */,
			);
			path = Views;
			sourceTree = "<group>";
		};
		34048F6726841C4200F6EDA1 /* ViewModels */ = {
			isa = PBXGroup;
			children = (
				34048F6826841C7000F6EDA1 /* MomentsListViewModel.swift */,
				34048F78268427A400F6EDA1 /* UserProfileListItemViewModel.swift */,
				34048F862684788900F6EDA1 /* MomentListItemViewModel.swift */,
			);
			path = ViewModels;
			sourceTree = "<group>";
		};
		34048F8A26848B7400F6EDA1 /* DataStore */ = {
			isa = PBXGroup;
			children = (
				34048F8B26848B8900F6EDA1 /* TogglesDataSource.swift */,
			);
			path = DataStore;
			sourceTree = "<group>";
		};
		343395562680D511005C1854 /* Extensions */ = {
			isa = PBXGroup;
			children = (
				343395572680D52A005C1854 /* UIApplicationExtensions.swift */,
			);
			path = Extensions;
			sourceTree = "<group>";
		};
		3433955D2680DE80005C1854 /* Routes */ = {
			isa = PBXGroup;
			children = (
				3433955E2680DE94005C1854 /* InternalMenuRouter.swift */,
			);
			path = Routes;
			sourceTree = "<group>";
		};
		343868D82683389600A51B99 /* Moments */ = {
			isa = PBXGroup;
			children = (
				343868D92683389A00A51B99 /* Models */,
				34048F5F26841A5800F6EDA1 /* Networking */,
				34048F6026841A6000F6EDA1 /* Repositories */,
				34048F6726841C4200F6EDA1 /* ViewModels */,
				34048F6626841C3F00F6EDA1 /* Views */,
			);
			path = Moments;
			sourceTree = "<group>";
		};
		343868D92683389A00A51B99 /* Models */ = {
			isa = PBXGroup;
			children = (
				343868DE268338BB00A51B99 /* MomentsDetails.swift */,
			);
			path = Models;
			sourceTree = "<group>";
		};
		343A46D92683227E00950DFD /* Resources */ = {
			isa = PBXGroup;
			children = (
				348F10F4267E47D100EA5EAB /* LaunchScreen.storyboard */,
				343A46DF268322FB00950DFD /* Localizable.strings */,
			);
			path = Resources;
			sourceTree = "<group>";
		};
		343A46E1268325F700950DFD /* Generated */ = {
			isa = PBXGroup;
			children = (
				343A46E22683261200950DFD /* Strings.swift */,
			);
			path = Generated;
			sourceTree = "<group>";
		};
		343A46EC268333DB00950DFD /* Networking */ = {
			isa = PBXGroup;
			children = (
				343A46ED268333E500950DFD /* API.swift */,
				343A46EF2683349F00950DFD /* APISession.swift */,
			);
			path = Networking;
			sourceTree = "<group>";
		};
		3484F897267F36B20020E856 /* Configurations */ = {
			isa = PBXGroup;
			children = (
				3484F89E267F36B20020E856 /* Firebase */,
				3484F8B6267F36CA0020E856 /* Projects */,
				3484F8B7267F36D30020E856 /* Shared */,
				3484F8B5267F36C20020E856 /* Targets */,
			);
			path = Configurations;
			sourceTree = "<group>";
		};
		3484F89E267F36B20020E856 /* Firebase */ = {
			isa = PBXGroup;
			children = (
				3484F8A1267F36B20020E856 /* GoogleService-Info-AppStore.plist */,
				3484F89F267F36B20020E856 /* GoogleService-Info-Development.plist */,
				3484F8A0267F36B20020E856 /* GoogleService-Info-Internal.plist */,
			);
			path = Firebase;
			sourceTree = "<group>";
		};
		3484F8B5267F36C20020E856 /* Targets */ = {
			isa = PBXGroup;
			children = (
				3484F899267F36B20020E856 /* AppStoreTarget.xcconfig */,
				3484F8A5267F36B20020E856 /* BaseTarget.xcconfig */,
				3484F89C267F36B20020E856 /* DebugTarget.xcconfig */,
				3484F89D267F36B20020E856 /* InternalTarget.xcconfig */,
			);
			name = Targets;
			sourceTree = "<group>";
		};
		3484F8B6267F36CA0020E856 /* Projects */ = {
			isa = PBXGroup;
			children = (
				3484F89B267F36B20020E856 /* AppStoreProject.xcconfig */,
				3484F8A4267F36B20020E856 /* BaseProject.xcconfig */,
				3484F8A2267F36B20020E856 /* DebugProject.xcconfig */,
				3484F898267F36B20020E856 /* InternalProject.xcconfig */,
			);
			name = Projects;
			sourceTree = "<group>";
		};
		3484F8B7267F36D30020E856 /* Shared */ = {
			isa = PBXGroup;
			children = (
				3484F8A3267F36B20020E856 /* BaseConfigurations.xcconfig */,
				3484F89A267F36B20020E856 /* CompilerAndLanguage.xcconfig */,
				3484F8A6267F36B20020E856 /* SDKAndDeviceSupport.xcconfig */,
			);
			name = Shared;
			sourceTree = "<group>";
		};
		348F10DD267E47D100EA5EAB = {
			isa = PBXGroup;
			children = (
				348F10E8267E47D100EA5EAB /* Moments */,
				348F10FF267E47D200EA5EAB /* MomentsTests */,
				348F110A267E47D200EA5EAB /* MomentsUITests */,
				348F10E7267E47D100EA5EAB /* Products */,
				B1B13959579FDE3BADC53284 /* Pods */,
				F939B75982AD42CFF8F1CA78 /* Frameworks */,
			);
			sourceTree = "<group>";
		};
		348F10E7267E47D100EA5EAB /* Products */ = {
			isa = PBXGroup;
			children = (
				348F10E6267E47D100EA5EAB /* Moments.app */,
				348F10FC267E47D200EA5EAB /* MomentsTests.xctest */,
				348F1107267E47D200EA5EAB /* MomentsUITests.xctest */,
			);
			name = Products;
			sourceTree = "<group>";
		};
		348F10E8267E47D100EA5EAB /* Moments */ = {
			isa = PBXGroup;
			children = (
				3484F897267F36B20020E856 /* Configurations */,
				34BAC6C2267F86EA00F6F144 /* Features */,
				34BAC6BE267F862900F6F144 /* Foundations */,
				343A46E1268325F700950DFD /* Generated */,
				343A46D92683227E00950DFD /* Resources */,
				348F10E9267E47D100EA5EAB /* AppDelegate.swift */,
				348F10F2267E47D100EA5EAB /* Assets.xcassets */,
				348F10F7267E47D100EA5EAB /* Info.plist */,
				348F10EB267E47D100EA5EAB /* SceneDelegate.swift */,
			);
			path = Moments;
			sourceTree = "<group>";
		};
		348F10FF267E47D200EA5EAB /* MomentsTests */ = {
			isa = PBXGroup;
			children = (
				348F1102267E47D200EA5EAB /* Info.plist */,
				348F1100267E47D200EA5EAB /* MomentsTests.swift */,
			);
			path = MomentsTests;
			sourceTree = "<group>";
		};
		348F110A267E47D200EA5EAB /* MomentsUITests */ = {
			isa = PBXGroup;
			children = (
				348F110D267E47D200EA5EAB /* Info.plist */,
				348F110B267E47D200EA5EAB /* MomentsUITests.swift */,
			);
			path = MomentsUITests;
			sourceTree = "<group>";
		};
		34BAC6BE267F862900F6F144 /* Foundations */ = {
			isa = PBXGroup;
			children = (
				34048F8A26848B7400F6EDA1 /* DataStore */,
				343395562680D511005C1854 /* Extensions */,
				343A46EC268333DB00950DFD /* Networking */,
				34BAC6D9267F8DE900F6F144 /* Routing */,
				34BAC6BF267F863800F6F144 /* Utilities */,
				34BAC6C7267F870B00F6F144 /* ViewModels */,
				34BAC6C6267F870900F6F144 /* Views */,
			);
			path = Foundations;
			sourceTree = "<group>";
		};
		34BAC6BF267F863800F6F144 /* Utilities */ = {
			isa = PBXGroup;
			children = (
				343A46EA2683331F00950DFD /* Configurations.swift */,
				34BAC6C0267F864D00F6F144 /* Functions.swift */,
			);
			path = Utilities;
			sourceTree = "<group>";
		};
		34BAC6C2267F86EA00F6F144 /* Features */ = {
			isa = PBXGroup;
			children = (
				34BAC6C3267F86F000F6F144 /* InternalMenu */,
				343868D82683389600A51B99 /* Moments */,
			);
			path = Features;
			sourceTree = "<group>";
		};
		34BAC6C3267F86F000F6F144 /* InternalMenu */ = {
			isa = PBXGroup;
			children = (
				3433955D2680DE80005C1854 /* Routes */,
				34BAC6C4267F86F600F6F144 /* ViewModels */,
				34BAC6C5267F86FF00F6F144 /* Views */,
			);
			path = InternalMenu;
			sourceTree = "<group>";
		};
		34BAC6C4267F86F600F6F144 /* ViewModels */ = {
			isa = PBXGroup;
			children = (
				343395602680E019005C1854 /* DesignKitDemoItemViewModel.swift */,
				343395622680E02E005C1854 /* InternalMenuActionTriggerItemViewModel.swift */,
				34BAC6D7267F8D0A00F6F144 /* InternalMenuDescriptionItemViewModel.swift */,
				34BAC6D1267F898500F6F144 /* InternalMenuItemViewModel.swift */,
				34BAC6CF267F890700F6F144 /* InternalMenuSection.swift */,
				34BAC6CD267F888F00F6F144 /* InternalMenuViewModel.swift */,
			);
			path = ViewModels;
			sourceTree = "<group>";
		};
		34BAC6C5267F86FF00F6F144 /* Views */ = {
			isa = PBXGroup;
			children = (
				343395662680E52F005C1854 /* DesignKitDemoViewController.swift */,
				343395642680E049005C1854 /* InternalMenuActionTriggerCell.swift */,
				34BAC6D5267F8B8E00F6F144 /* InternalMenuCell.swift */,
				34BAC6D3267F8B5300F6F144 /* InternalMenuDescriptionCell.swift */,
				34BAC6CB267F884900F6F144 /* InternalMenuViewController.swift */,
			);
			path = Views;
			sourceTree = "<group>";
		};
		34BAC6C6267F870900F6F144 /* Views */ = {
			isa = PBXGroup;
			children = (
				34048F7C26842C5E00F6EDA1 /* BaseListItemView.swift */,
				34048F702684216800F6EDA1 /* BaseTableViewCell.swift */,
				34BAC6C9267F87FE00F6F144 /* BaseViewController.swift */,
				34048F7E2684300300F6EDA1 /* ListItemCell.swift */,
				34048F722684217A00F6EDA1 /* ListItemComponent.swift */,
				34048F7A26842BDB00F6EDA1 /* ListItemView.swift */,
				34048F88268482F100F6EDA1 /* BaseTableViewController.swift */,
			);
			path = Views;
			sourceTree = "<group>";
		};
		34BAC6C7267F870B00F6F144 /* ViewModels */ = {
			isa = PBXGroup;
			children = (
				34048F6C26841C9400F6EDA1 /* ListItemViewModel.swift */,
				34048F6A26841C7600F6EDA1 /* ListViewModel.swift */,
			);
			path = ViewModels;
			sourceTree = "<group>";
		};
		34BAC6D9267F8DE900F6F144 /* Routing */ = {
			isa = PBXGroup;
			children = (
				34BAC6DA267F8DF400F6F144 /* AppRouter.swift */,
			);
			path = Routing;
			sourceTree = "<group>";
		};
		B1B13959579FDE3BADC53284 /* Pods */ = {
			isa = PBXGroup;
			children = (
				C1C52E44DD7E03C364AAD8B5 /* Pods-Moments.appstore.xcconfig */,
				D909DF9EA964A0E56303C83F /* Pods-Moments.debug.xcconfig */,
				9943647161F3A810749BA25E /* Pods-Moments.internal.xcconfig */,
				14AE5F1C40A804239897144E /* Pods-Moments.release.xcconfig */,
				9C33A38F977E9C7C895E5EA6 /* Pods-MomentsTests.appstore.xcconfig */,
				EED26CDEFAB196DC88B14B2E /* Pods-MomentsTests.debug.xcconfig */,
				88B35FEF6FB7941871ADD860 /* Pods-MomentsTests.internal.xcconfig */,
				D94F2DF3780B290045E6F117 /* Pods-MomentsTests.release.xcconfig */,
			);
			name = Pods;
			path = ../Pods;
			sourceTree = "<group>";
		};
		F939B75982AD42CFF8F1CA78 /* Frameworks */ = {
			isa = PBXGroup;
			children = (
				B4723E414E8912EE45C039FD /* Pods_Moments.framework */,
				BE8D984B0C06360054A3BC16 /* Pods_MomentsTests.framework */,
			);
			name = Frameworks;
			sourceTree = "<group>";
		};
/* End PBXGroup section */

/* Begin PBXNativeTarget section */
		348F10E5267E47D100EA5EAB /* Moments */ = {
			isa = PBXNativeTarget;
			buildConfigurationList = 348F1110267E47D200EA5EAB /* Build configuration list for PBXNativeTarget "Moments" */;
			buildPhases = (
				1BDEE19FD4F2C2B0CD856A3E /* [CP] Check Pods Manifest.lock */,
				343A46D8268321DE00950DFD /* Run SwiftGen */,
				348F10E2267E47D100EA5EAB /* Sources */,
				3484F892267EF36F0020E856 /* Run SwiftLint */,
				348F10E3267E47D100EA5EAB /* Frameworks */,
				348F10E4267E47D100EA5EAB /* Resources */,
				66851A1C75C6AF93A620BC27 /* [CP] Embed Pods Frameworks */,
			);
			buildRules = (
			);
			dependencies = (
			);
			name = Moments;
			productName = Moments;
			productReference = 348F10E6267E47D100EA5EAB /* Moments.app */;
			productType = "com.apple.product-type.application";
		};
		348F10FB267E47D200EA5EAB /* MomentsTests */ = {
			isa = PBXNativeTarget;
			buildConfigurationList = 348F1113267E47D200EA5EAB /* Build configuration list for PBXNativeTarget "MomentsTests" */;
			buildPhases = (
				E64AAAF86FF540A7BE2286E0 /* [CP] Check Pods Manifest.lock */,
				348F10F8267E47D200EA5EAB /* Sources */,
				348F10F9267E47D200EA5EAB /* Frameworks */,
				348F10FA267E47D200EA5EAB /* Resources */,
				1C8A28261185BC06145C8CF3 /* [CP] Embed Pods Frameworks */,
			);
			buildRules = (
			);
			dependencies = (
				348F10FE267E47D200EA5EAB /* PBXTargetDependency */,
			);
			name = MomentsTests;
			productName = MomentsTests;
			productReference = 348F10FC267E47D200EA5EAB /* MomentsTests.xctest */;
			productType = "com.apple.product-type.bundle.unit-test";
		};
		348F1106267E47D200EA5EAB /* MomentsUITests */ = {
			isa = PBXNativeTarget;
			buildConfigurationList = 348F1116267E47D200EA5EAB /* Build configuration list for PBXNativeTarget "MomentsUITests" */;
			buildPhases = (
				348F1103267E47D200EA5EAB /* Sources */,
				348F1104267E47D200EA5EAB /* Frameworks */,
				348F1105267E47D200EA5EAB /* Resources */,
			);
			buildRules = (
			);
			dependencies = (
				348F1109267E47D200EA5EAB /* PBXTargetDependency */,
			);
			name = MomentsUITests;
			productName = MomentsUITests;
			productReference = 348F1107267E47D200EA5EAB /* MomentsUITests.xctest */;
			productType = "com.apple.product-type.bundle.ui-testing";
		};
/* End PBXNativeTarget section */

/* Begin PBXProject section */
		348F10DE267E47D100EA5EAB /* Project object */ = {
			isa = PBXProject;
			attributes = {
				LastSwiftUpdateCheck = 1250;
				LastUpgradeCheck = 1250;
				TargetAttributes = {
					348F10E5267E47D100EA5EAB = {
						CreatedOnToolsVersion = 12.5;
					};
					348F10FB267E47D200EA5EAB = {
						CreatedOnToolsVersion = 12.5;
						TestTargetID = 348F10E5267E47D100EA5EAB;
					};
					348F1106267E47D200EA5EAB = {
						CreatedOnToolsVersion = 12.5;
						TestTargetID = 348F10E5267E47D100EA5EAB;
					};
				};
			};
			buildConfigurationList = 348F10E1267E47D100EA5EAB /* Build configuration list for PBXProject "Moments" */;
			compatibilityVersion = "Xcode 9.3";
			developmentRegion = en;
			hasScannedForEncodings = 0;
			knownRegions = (
				en,
				Base,
				"zh-Hans",
			);
			mainGroup = 348F10DD267E47D100EA5EAB;
			productRefGroup = 348F10E7267E47D100EA5EAB /* Products */;
			projectDirPath = "";
			projectRoot = "";
			targets = (
				348F10E5267E47D100EA5EAB /* Moments */,
				348F10FB267E47D200EA5EAB /* MomentsTests */,
				348F1106267E47D200EA5EAB /* MomentsUITests */,
			);
		};
/* End PBXProject section */

/* Begin PBXResourcesBuildPhase section */
		348F10E4267E47D100EA5EAB /* Resources */ = {
			isa = PBXResourcesBuildPhase;
			buildActionMask = 2147483647;
			files = (
				3484F8AA267F36B20020E856 /* AppStoreProject.xcconfig in Resources */,
				3484F8A8267F36B20020E856 /* AppStoreTarget.xcconfig in Resources */,
				348F10F3267E47D100EA5EAB /* Assets.xcassets in Resources */,
				3484F8B1267F36B20020E856 /* BaseConfigurations.xcconfig in Resources */,
				3484F8B2267F36B20020E856 /* BaseProject.xcconfig in Resources */,
				3484F8B3267F36B20020E856 /* BaseTarget.xcconfig in Resources */,
				3484F8A9267F36B20020E856 /* CompilerAndLanguage.xcconfig in Resources */,
				3484F8B0267F36B20020E856 /* DebugProject.xcconfig in Resources */,
				3484F8AB267F36B20020E856 /* DebugTarget.xcconfig in Resources */,
				3484F8AF267F36B20020E856 /* GoogleService-Info-AppStore.plist in Resources */,
				3484F8AD267F36B20020E856 /* GoogleService-Info-Development.plist in Resources */,
				3484F8AE267F36B20020E856 /* GoogleService-Info-Internal.plist in Resources */,
				3484F8A7267F36B20020E856 /* InternalProject.xcconfig in Resources */,
				3484F8AC267F36B20020E856 /* InternalTarget.xcconfig in Resources */,
				348F10F6267E47D100EA5EAB /* LaunchScreen.storyboard in Resources */,
				343A46DD268322FB00950DFD /* Localizable.strings in Resources */,
				3484F8B4267F36B20020E856 /* SDKAndDeviceSupport.xcconfig in Resources */,
			);
			runOnlyForDeploymentPostprocessing = 0;
		};
		348F10FA267E47D200EA5EAB /* Resources */ = {
			isa = PBXResourcesBuildPhase;
			buildActionMask = 2147483647;
			files = (
			);
			runOnlyForDeploymentPostprocessing = 0;
		};
		348F1105267E47D200EA5EAB /* Resources */ = {
			isa = PBXResourcesBuildPhase;
			buildActionMask = 2147483647;
			files = (
			);
			runOnlyForDeploymentPostprocessing = 0;
		};
/* End PBXResourcesBuildPhase section */

/* Begin PBXShellScriptBuildPhase section */
		1BDEE19FD4F2C2B0CD856A3E /* [CP] Check Pods Manifest.lock */ = {
			isa = PBXShellScriptBuildPhase;
			buildActionMask = 2147483647;
			files = (
			);
			inputFileListPaths = (
			);
			inputPaths = (
				"${PODS_PODFILE_DIR_PATH}/Podfile.lock",
				"${PODS_ROOT}/Manifest.lock",
			);
			name = "[CP] Check Pods Manifest.lock";
			outputFileListPaths = (
			);
			outputPaths = (
				"$(DERIVED_FILE_DIR)/Pods-Moments-checkManifestLockResult.txt",
			);
			runOnlyForDeploymentPostprocessing = 0;
			shellPath = /bin/sh;
			shellScript = "diff \"${PODS_PODFILE_DIR_PATH}/Podfile.lock\" \"${PODS_ROOT}/Manifest.lock\" > /dev/null\nif [ $? != 0 ] ; then\n    # print error to STDERR\n    echo \"error: The sandbox is not in sync with the Podfile.lock. Run 'pod install' or update your CocoaPods installation.\" >&2\n    exit 1\nfi\n# This output is used by Xcode 'outputs' to avoid re-running this script phase.\necho \"SUCCESS\" > \"${SCRIPT_OUTPUT_FILE_0}\"\n";
			showEnvVarsInLog = 0;
		};
		1C8A28261185BC06145C8CF3 /* [CP] Embed Pods Frameworks */ = {
			isa = PBXShellScriptBuildPhase;
			buildActionMask = 2147483647;
			files = (
			);
			inputFileListPaths = (
				"${PODS_ROOT}/Target Support Files/Pods-MomentsTests/Pods-MomentsTests-frameworks-${CONFIGURATION}-input-files.xcfilelist",
			);
			name = "[CP] Embed Pods Frameworks";
			outputFileListPaths = (
				"${PODS_ROOT}/Target Support Files/Pods-MomentsTests/Pods-MomentsTests-frameworks-${CONFIGURATION}-output-files.xcfilelist",
			);
			runOnlyForDeploymentPostprocessing = 0;
			shellPath = /bin/sh;
			shellScript = "\"${PODS_ROOT}/Target Support Files/Pods-MomentsTests/Pods-MomentsTests-frameworks.sh\"\n";
			showEnvVarsInLog = 0;
		};
		343A46D8268321DE00950DFD /* Run SwiftGen */ = {
			isa = PBXShellScriptBuildPhase;
			buildActionMask = 2147483647;
			files = (
			);
			inputFileListPaths = (
			);
			inputPaths = (
			);
			name = "Run SwiftGen";
			outputFileListPaths = (
			);
			outputPaths = (
			);
			runOnlyForDeploymentPostprocessing = 0;
			shellPath = /bin/sh;
			shellScript = "\"${PODS_ROOT}/SwiftGen/bin/swiftgen\"\n";
		};
		3484F892267EF36F0020E856 /* Run SwiftLint */ = {
			isa = PBXShellScriptBuildPhase;
			buildActionMask = 2147483647;
			files = (
			);
			inputFileListPaths = (
			);
			inputPaths = (
			);
			name = "Run SwiftLint";
			outputFileListPaths = (
			);
			outputPaths = (
			);
			runOnlyForDeploymentPostprocessing = 0;
			shellPath = /bin/sh;
			shellScript = "\"${PODS_ROOT}/SwiftLint/swiftlint\"\n";
		};
		66851A1C75C6AF93A620BC27 /* [CP] Embed Pods Frameworks */ = {
			isa = PBXShellScriptBuildPhase;
			buildActionMask = 2147483647;
			files = (
			);
			inputFileListPaths = (
				"${PODS_ROOT}/Target Support Files/Pods-Moments/Pods-Moments-frameworks-${CONFIGURATION}-input-files.xcfilelist",
			);
			name = "[CP] Embed Pods Frameworks";
			outputFileListPaths = (
				"${PODS_ROOT}/Target Support Files/Pods-Moments/Pods-Moments-frameworks-${CONFIGURATION}-output-files.xcfilelist",
			);
			runOnlyForDeploymentPostprocessing = 0;
			shellPath = /bin/sh;
			shellScript = "\"${PODS_ROOT}/Target Support Files/Pods-Moments/Pods-Moments-frameworks.sh\"\n";
			showEnvVarsInLog = 0;
		};
		E64AAAF86FF540A7BE2286E0 /* [CP] Check Pods Manifest.lock */ = {
			isa = PBXShellScriptBuildPhase;
			buildActionMask = 2147483647;
			files = (
			);
			inputFileListPaths = (
			);
			inputPaths = (
				"${PODS_PODFILE_DIR_PATH}/Podfile.lock",
				"${PODS_ROOT}/Manifest.lock",
			);
			name = "[CP] Check Pods Manifest.lock";
			outputFileListPaths = (
			);
			outputPaths = (
				"$(DERIVED_FILE_DIR)/Pods-MomentsTests-checkManifestLockResult.txt",
			);
			runOnlyForDeploymentPostprocessing = 0;
			shellPath = /bin/sh;
			shellScript = "diff \"${PODS_PODFILE_DIR_PATH}/Podfile.lock\" \"${PODS_ROOT}/Manifest.lock\" > /dev/null\nif [ $? != 0 ] ; then\n    # print error to STDERR\n    echo \"error: The sandbox is not in sync with the Podfile.lock. Run 'pod install' or update your CocoaPods installation.\" >&2\n    exit 1\nfi\n# This output is used by Xcode 'outputs' to avoid re-running this script phase.\necho \"SUCCESS\" > \"${SCRIPT_OUTPUT_FILE_0}\"\n";
			showEnvVarsInLog = 0;
		};
/* End PBXShellScriptBuildPhase section */

/* Begin PBXSourcesBuildPhase section */
		348F10E2267E47D100EA5EAB /* Sources */ = {
			isa = PBXSourcesBuildPhase;
			buildActionMask = 2147483647;
			files = (
				343A46EE268333E500950DFD /* API.swift in Sources */,
				343A46F02683349F00950DFD /* APISession.swift in Sources */,
				348F10EA267E47D100EA5EAB /* AppDelegate.swift in Sources */,
				34048F872684788900F6EDA1 /* MomentListItemViewModel.swift in Sources */,
				34048F852684706600F6EDA1 /* MomentListItemView.swift in Sources */,
				34BAC6DB267F8DF400F6F144 /* AppRouter.swift in Sources */,
				34048F7D26842C5E00F6EDA1 /* BaseListItemView.swift in Sources */,
				34048F712684216900F6EDA1 /* BaseTableViewCell.swift in Sources */,
				34BAC6CA267F87FE00F6F144 /* BaseViewController.swift in Sources */,
				343A46EB2683331F00950DFD /* Configurations.swift in Sources */,
				343395612680E019005C1854 /* DesignKitDemoItemViewModel.swift in Sources */,
				343395672680E52F005C1854 /* DesignKitDemoViewController.swift in Sources */,
				34BAC6C1267F864D00F6F144 /* Functions.swift in Sources */,
				343868E526833F6500A51B99 /* GetMomentsByUserIDSession.swift in Sources */,
				343395652680E049005C1854 /* InternalMenuActionTriggerCell.swift in Sources */,
				34048F89268482F100F6EDA1 /* BaseTableViewController.swift in Sources */,
				343395632680E02E005C1854 /* InternalMenuActionTriggerItemViewModel.swift in Sources */,
				34BAC6D6267F8B8E00F6F144 /* InternalMenuCell.swift in Sources */,
				34BAC6D4267F8B5300F6F144 /* InternalMenuDescriptionCell.swift in Sources */,
				34BAC6D8267F8D0A00F6F144 /* InternalMenuDescriptionItemViewModel.swift in Sources */,
				34BAC6D2267F898500F6F144 /* InternalMenuItemViewModel.swift in Sources */,
				3433955F2680DE94005C1854 /* InternalMenuRouter.swift in Sources */,
				34BAC6D0267F890700F6F144 /* InternalMenuSection.swift in Sources */,
				34BAC6CC267F884900F6F144 /* InternalMenuViewController.swift in Sources */,
				34BAC6CE267F888F00F6F144 /* InternalMenuViewModel.swift in Sources */,
				34048F7F2684300300F6EDA1 /* ListItemCell.swift in Sources */,
				34048F732684217A00F6EDA1 /* ListItemComponent.swift in Sources */,
				34048F7B26842BDB00F6EDA1 /* ListItemView.swift in Sources */,
				34048F6D26841C9400F6EDA1 /* ListItemViewModel.swift in Sources */,
				34048F6B26841C7600F6EDA1 /* ListViewModel.swift in Sources */,
				34048F8C26848B8900F6EDA1 /* TogglesDataSource.swift in Sources */,
				343868DF268338BB00A51B99 /* MomentsDetails.swift in Sources */,
				34048F832684350F00F6EDA1 /* MomentsListViewController.swift in Sources */,
				34048F6926841C7000F6EDA1 /* MomentsListViewModel.swift in Sources */,
				34048F6526841AB800F6EDA1 /* MomentsRepo.swift in Sources */,
				348F10EC267E47D100EA5EAB /* SceneDelegate.swift in Sources */,
				343A46E32683261200950DFD /* Strings.swift in Sources */,
				343395582680D52A005C1854 /* UIApplicationExtensions.swift in Sources */,
				34048F752684218700F6EDA1 /* UserProfileListItemView.swift in Sources */,
				34048F79268427A400F6EDA1 /* UserProfileListItemViewModel.swift in Sources */,
			);
			runOnlyForDeploymentPostprocessing = 0;
		};
		348F10F8267E47D200EA5EAB /* Sources */ = {
			isa = PBXSourcesBuildPhase;
			buildActionMask = 2147483647;
			files = (
				348F1101267E47D200EA5EAB /* MomentsTests.swift in Sources */,
			);
			runOnlyForDeploymentPostprocessing = 0;
		};
		348F1103267E47D200EA5EAB /* Sources */ = {
			isa = PBXSourcesBuildPhase;
			buildActionMask = 2147483647;
			files = (
				348F110C267E47D200EA5EAB /* MomentsUITests.swift in Sources */,
			);
			runOnlyForDeploymentPostprocessing = 0;
		};
/* End PBXSourcesBuildPhase section */

/* Begin PBXTargetDependency section */
		348F10FE267E47D200EA5EAB /* PBXTargetDependency */ = {
			isa = PBXTargetDependency;
			target = 348F10E5267E47D100EA5EAB /* Moments */;
			targetProxy = 348F10FD267E47D200EA5EAB /* PBXContainerItemProxy */;
		};
		348F1109267E47D200EA5EAB /* PBXTargetDependency */ = {
			isa = PBXTargetDependency;
			target = 348F10E5267E47D100EA5EAB /* Moments */;
			targetProxy = 348F1108267E47D200EA5EAB /* PBXContainerItemProxy */;
		};
/* End PBXTargetDependency section */

/* Begin PBXVariantGroup section */
		343A46DF268322FB00950DFD /* Localizable.strings */ = {
			isa = PBXVariantGroup;
			children = (
				343A46E6268329D100950DFD /* Base */,
				343A46DE268322FB00950DFD /* en */,
				343A46E02683231000950DFD /* zh-Hans */,
			);
			name = Localizable.strings;
			sourceTree = "<group>";
		};
		348F10F4267E47D100EA5EAB /* LaunchScreen.storyboard */ = {
			isa = PBXVariantGroup;
			children = (
				348F10F5267E47D100EA5EAB /* Base */,
			);
			name = LaunchScreen.storyboard;
			sourceTree = "<group>";
		};
/* End PBXVariantGroup section */

/* Begin XCBuildConfiguration section */
		3484F8B8267F39760020E856 /* Internal */ = {
			isa = XCBuildConfiguration;
			baseConfigurationReference = 3484F898267F36B20020E856 /* InternalProject.xcconfig */;
			buildSettings = {
				ALWAYS_SEARCH_USER_PATHS = NO;
				CLANG_ANALYZER_LOCALIZABILITY_NONLOCALIZED = YES;
				CLANG_ANALYZER_NONNULL = YES;
				CLANG_ANALYZER_NUMBER_OBJECT_CONVERSION = YES_AGGRESSIVE;
				CLANG_CXX_LANGUAGE_STANDARD = "gnu++14";
				CLANG_CXX_LIBRARY = "libc++";
				CLANG_ENABLE_MODULES = YES;
				CLANG_ENABLE_OBJC_ARC = YES;
				CLANG_ENABLE_OBJC_WEAK = YES;
				CLANG_WARN_BLOCK_CAPTURE_AUTORELEASING = YES;
				CLANG_WARN_BOOL_CONVERSION = YES;
				CLANG_WARN_COMMA = YES;
				CLANG_WARN_CONSTANT_CONVERSION = YES;
				CLANG_WARN_DEPRECATED_OBJC_IMPLEMENTATIONS = YES;
				CLANG_WARN_DIRECT_OBJC_ISA_USAGE = YES_ERROR;
				CLANG_WARN_DOCUMENTATION_COMMENTS = YES;
				CLANG_WARN_EMPTY_BODY = YES;
				CLANG_WARN_ENUM_CONVERSION = YES;
				CLANG_WARN_INFINITE_RECURSION = YES;
				CLANG_WARN_INT_CONVERSION = YES;
				CLANG_WARN_NON_LITERAL_NULL_CONVERSION = YES;
				CLANG_WARN_OBJC_IMPLICIT_RETAIN_SELF = YES;
				CLANG_WARN_OBJC_LITERAL_CONVERSION = YES;
				CLANG_WARN_OBJC_ROOT_CLASS = YES_ERROR;
				CLANG_WARN_QUOTED_INCLUDE_IN_FRAMEWORK_HEADER = YES;
				CLANG_WARN_RANGE_LOOP_ANALYSIS = YES;
				CLANG_WARN_STRICT_PROTOTYPES = YES;
				CLANG_WARN_SUSPICIOUS_MOVE = YES;
				CLANG_WARN_UNGUARDED_AVAILABILITY = YES_AGGRESSIVE;
				CLANG_WARN_UNREACHABLE_CODE = YES;
				CLANG_WARN__DUPLICATE_METHOD_MATCH = YES;
				COPY_PHASE_STRIP = NO;
				DEBUG_INFORMATION_FORMAT = dwarf;
				ENABLE_STRICT_OBJC_MSGSEND = YES;
				ENABLE_TESTABILITY = YES;
				GCC_C_LANGUAGE_STANDARD = gnu11;
				GCC_DYNAMIC_NO_PIC = NO;
				GCC_NO_COMMON_BLOCKS = YES;
				GCC_OPTIMIZATION_LEVEL = 0;
				GCC_PREPROCESSOR_DEFINITIONS = (
					"DEBUG=1",
					"$(inherited)",
				);
				GCC_WARN_64_TO_32_BIT_CONVERSION = YES;
				GCC_WARN_ABOUT_RETURN_TYPE = YES_ERROR;
				GCC_WARN_UNDECLARED_SELECTOR = YES;
				GCC_WARN_UNINITIALIZED_AUTOS = YES_AGGRESSIVE;
				GCC_WARN_UNUSED_FUNCTION = YES;
				GCC_WARN_UNUSED_VARIABLE = YES;
				IPHONEOS_DEPLOYMENT_TARGET = 14.5;
				MTL_ENABLE_DEBUG_INFO = INCLUDE_SOURCE;
				MTL_FAST_MATH = YES;
				ONLY_ACTIVE_ARCH = YES;
				SDKROOT = iphoneos;
				SWIFT_ACTIVE_COMPILATION_CONDITIONS = DEBUG;
				SWIFT_OPTIMIZATION_LEVEL = "-Onone";
			};
			name = Internal;
		};
		3484F8B9267F39760020E856 /* Internal */ = {
			isa = XCBuildConfiguration;
			baseConfigurationReference = 3484F89D267F36B20020E856 /* InternalTarget.xcconfig */;
			buildSettings = {
				ASSETCATALOG_COMPILER_APPICON_NAME = AppIcon;
				ASSETCATALOG_COMPILER_GLOBAL_ACCENT_COLOR_NAME = AccentColor;
				CODE_SIGN_STYLE = Automatic;
				DEVELOPMENT_TEAM = F7C55VYF9A;
				EXCLUDED_ARCHS = "";
				INFOPLIST_FILE = Moments/Info.plist;
				LD_RUNPATH_SEARCH_PATHS = (
					"$(inherited)",
					"@executable_path/Frameworks",
				);
				PRODUCT_BUNDLE_IDENTIFIER = com.voyagecn.Moments;
				PRODUCT_NAME = "$(TARGET_NAME)";
				SWIFT_VERSION = 5.0;
				TARGETED_DEVICE_FAMILY = "1,2";
			};
			name = Internal;
		};
		3484F8BA267F39760020E856 /* Internal */ = {
			isa = XCBuildConfiguration;
			baseConfigurationReference = 88B35FEF6FB7941871ADD860 /* Pods-MomentsTests.internal.xcconfig */;
			buildSettings = {
				ALWAYS_EMBED_SWIFT_STANDARD_LIBRARIES = YES;
				BUNDLE_LOADER = "$(TEST_HOST)";
				CODE_SIGN_STYLE = Automatic;
				DEVELOPMENT_TEAM = F7C55VYF9A;
				INFOPLIST_FILE = MomentsTests/Info.plist;
				IPHONEOS_DEPLOYMENT_TARGET = 14.5;
				LD_RUNPATH_SEARCH_PATHS = (
					"$(inherited)",
					"@executable_path/Frameworks",
					"@loader_path/Frameworks",
				);
				PRODUCT_BUNDLE_IDENTIFIER = com.voyagecn.MomentsTests;
				PRODUCT_NAME = "$(TARGET_NAME)";
				SWIFT_VERSION = 5.0;
				TARGETED_DEVICE_FAMILY = "1,2";
				TEST_HOST = "$(BUILT_PRODUCTS_DIR)/Moments.app/Moments";
			};
			name = Internal;
		};
		3484F8BB267F39760020E856 /* Internal */ = {
			isa = XCBuildConfiguration;
			buildSettings = {
				ALWAYS_EMBED_SWIFT_STANDARD_LIBRARIES = YES;
				CODE_SIGN_STYLE = Automatic;
				DEVELOPMENT_TEAM = F7C55VYF9A;
				INFOPLIST_FILE = MomentsUITests/Info.plist;
				LD_RUNPATH_SEARCH_PATHS = (
					"$(inherited)",
					"@executable_path/Frameworks",
					"@loader_path/Frameworks",
				);
				PRODUCT_BUNDLE_IDENTIFIER = com.voyagecn.MomentsUITests;
				PRODUCT_NAME = "$(TARGET_NAME)";
				SWIFT_VERSION = 5.0;
				TARGETED_DEVICE_FAMILY = "1,2";
				TEST_TARGET_NAME = Moments;
			};
			name = Internal;
		};
		3484F8BC267F397C0020E856 /* AppStore */ = {
			isa = XCBuildConfiguration;
			baseConfigurationReference = 3484F89B267F36B20020E856 /* AppStoreProject.xcconfig */;
			buildSettings = {
				ALWAYS_SEARCH_USER_PATHS = NO;
				CLANG_ANALYZER_LOCALIZABILITY_NONLOCALIZED = YES;
				CLANG_ANALYZER_NONNULL = YES;
				CLANG_ANALYZER_NUMBER_OBJECT_CONVERSION = YES_AGGRESSIVE;
				CLANG_CXX_LANGUAGE_STANDARD = "gnu++14";
				CLANG_CXX_LIBRARY = "libc++";
				CLANG_ENABLE_MODULES = YES;
				CLANG_ENABLE_OBJC_ARC = YES;
				CLANG_ENABLE_OBJC_WEAK = YES;
				CLANG_WARN_BLOCK_CAPTURE_AUTORELEASING = YES;
				CLANG_WARN_BOOL_CONVERSION = YES;
				CLANG_WARN_COMMA = YES;
				CLANG_WARN_CONSTANT_CONVERSION = YES;
				CLANG_WARN_DEPRECATED_OBJC_IMPLEMENTATIONS = YES;
				CLANG_WARN_DIRECT_OBJC_ISA_USAGE = YES_ERROR;
				CLANG_WARN_DOCUMENTATION_COMMENTS = YES;
				CLANG_WARN_EMPTY_BODY = YES;
				CLANG_WARN_ENUM_CONVERSION = YES;
				CLANG_WARN_INFINITE_RECURSION = YES;
				CLANG_WARN_INT_CONVERSION = YES;
				CLANG_WARN_NON_LITERAL_NULL_CONVERSION = YES;
				CLANG_WARN_OBJC_IMPLICIT_RETAIN_SELF = YES;
				CLANG_WARN_OBJC_LITERAL_CONVERSION = YES;
				CLANG_WARN_OBJC_ROOT_CLASS = YES_ERROR;
				CLANG_WARN_QUOTED_INCLUDE_IN_FRAMEWORK_HEADER = YES;
				CLANG_WARN_RANGE_LOOP_ANALYSIS = YES;
				CLANG_WARN_STRICT_PROTOTYPES = YES;
				CLANG_WARN_SUSPICIOUS_MOVE = YES;
				CLANG_WARN_UNGUARDED_AVAILABILITY = YES_AGGRESSIVE;
				CLANG_WARN_UNREACHABLE_CODE = YES;
				CLANG_WARN__DUPLICATE_METHOD_MATCH = YES;
				COPY_PHASE_STRIP = NO;
				DEBUG_INFORMATION_FORMAT = dwarf;
				ENABLE_STRICT_OBJC_MSGSEND = YES;
				ENABLE_TESTABILITY = YES;
				GCC_C_LANGUAGE_STANDARD = gnu11;
				GCC_DYNAMIC_NO_PIC = NO;
				GCC_NO_COMMON_BLOCKS = YES;
				GCC_OPTIMIZATION_LEVEL = 0;
				GCC_PREPROCESSOR_DEFINITIONS = (
					"DEBUG=1",
					"$(inherited)",
				);
				GCC_WARN_64_TO_32_BIT_CONVERSION = YES;
				GCC_WARN_ABOUT_RETURN_TYPE = YES_ERROR;
				GCC_WARN_UNDECLARED_SELECTOR = YES;
				GCC_WARN_UNINITIALIZED_AUTOS = YES_AGGRESSIVE;
				GCC_WARN_UNUSED_FUNCTION = YES;
				GCC_WARN_UNUSED_VARIABLE = YES;
				IPHONEOS_DEPLOYMENT_TARGET = 14.5;
				MTL_ENABLE_DEBUG_INFO = INCLUDE_SOURCE;
				MTL_FAST_MATH = YES;
				ONLY_ACTIVE_ARCH = YES;
				SDKROOT = iphoneos;
				SWIFT_ACTIVE_COMPILATION_CONDITIONS = DEBUG;
				SWIFT_OPTIMIZATION_LEVEL = "-Onone";
			};
			name = AppStore;
		};
		3484F8BD267F397C0020E856 /* AppStore */ = {
			isa = XCBuildConfiguration;
			baseConfigurationReference = 3484F899267F36B20020E856 /* AppStoreTarget.xcconfig */;
			buildSettings = {
				ASSETCATALOG_COMPILER_APPICON_NAME = AppIcon;
				ASSETCATALOG_COMPILER_GLOBAL_ACCENT_COLOR_NAME = AccentColor;
				CODE_SIGN_STYLE = Automatic;
				DEVELOPMENT_TEAM = F7C55VYF9A;
				EXCLUDED_ARCHS = "";
				INFOPLIST_FILE = Moments/Info.plist;
				LD_RUNPATH_SEARCH_PATHS = (
					"$(inherited)",
					"@executable_path/Frameworks",
				);
				PRODUCT_BUNDLE_IDENTIFIER = com.voyagecn.Moments;
				PRODUCT_NAME = "$(TARGET_NAME)";
				SWIFT_VERSION = 5.0;
				TARGETED_DEVICE_FAMILY = "1,2";
			};
			name = AppStore;
		};
		3484F8BE267F397C0020E856 /* AppStore */ = {
			isa = XCBuildConfiguration;
			baseConfigurationReference = 9C33A38F977E9C7C895E5EA6 /* Pods-MomentsTests.appstore.xcconfig */;
			buildSettings = {
				ALWAYS_EMBED_SWIFT_STANDARD_LIBRARIES = YES;
				BUNDLE_LOADER = "$(TEST_HOST)";
				CODE_SIGN_STYLE = Automatic;
				DEVELOPMENT_TEAM = F7C55VYF9A;
				INFOPLIST_FILE = MomentsTests/Info.plist;
				IPHONEOS_DEPLOYMENT_TARGET = 14.5;
				LD_RUNPATH_SEARCH_PATHS = (
					"$(inherited)",
					"@executable_path/Frameworks",
					"@loader_path/Frameworks",
				);
				PRODUCT_BUNDLE_IDENTIFIER = com.voyagecn.MomentsTests;
				PRODUCT_NAME = "$(TARGET_NAME)";
				SWIFT_VERSION = 5.0;
				TARGETED_DEVICE_FAMILY = "1,2";
				TEST_HOST = "$(BUILT_PRODUCTS_DIR)/Moments.app/Moments";
			};
			name = AppStore;
		};
		3484F8BF267F397C0020E856 /* AppStore */ = {
			isa = XCBuildConfiguration;
			buildSettings = {
				CODE_SIGN_STYLE = Automatic;
				DEVELOPMENT_TEAM = F7C55VYF9A;
				INFOPLIST_FILE = MomentsUITests/Info.plist;
				LD_RUNPATH_SEARCH_PATHS = (
					"$(inherited)",
					"@executable_path/Frameworks",
					"@loader_path/Frameworks",
				);
				PRODUCT_BUNDLE_IDENTIFIER = com.voyagecn.MomentsUITests;
				PRODUCT_NAME = "$(TARGET_NAME)";
				SWIFT_VERSION = 5.0;
				TARGETED_DEVICE_FAMILY = "1,2";
				TEST_TARGET_NAME = Moments;
			};
			name = AppStore;
		};
		348F110E267E47D200EA5EAB /* Debug */ = {
			isa = XCBuildConfiguration;
			baseConfigurationReference = 3484F8A2267F36B20020E856 /* DebugProject.xcconfig */;
			buildSettings = {
				ALWAYS_SEARCH_USER_PATHS = NO;
				CLANG_ANALYZER_LOCALIZABILITY_NONLOCALIZED = YES;
				CLANG_ANALYZER_NONNULL = YES;
				CLANG_ANALYZER_NUMBER_OBJECT_CONVERSION = YES_AGGRESSIVE;
				CLANG_CXX_LANGUAGE_STANDARD = "gnu++14";
				CLANG_CXX_LIBRARY = "libc++";
				CLANG_ENABLE_MODULES = YES;
				CLANG_ENABLE_OBJC_ARC = YES;
				CLANG_ENABLE_OBJC_WEAK = YES;
				CLANG_WARN_BLOCK_CAPTURE_AUTORELEASING = YES;
				CLANG_WARN_BOOL_CONVERSION = YES;
				CLANG_WARN_COMMA = YES;
				CLANG_WARN_CONSTANT_CONVERSION = YES;
				CLANG_WARN_DEPRECATED_OBJC_IMPLEMENTATIONS = YES;
				CLANG_WARN_DIRECT_OBJC_ISA_USAGE = YES_ERROR;
				CLANG_WARN_DOCUMENTATION_COMMENTS = YES;
				CLANG_WARN_EMPTY_BODY = YES;
				CLANG_WARN_ENUM_CONVERSION = YES;
				CLANG_WARN_INFINITE_RECURSION = YES;
				CLANG_WARN_INT_CONVERSION = YES;
				CLANG_WARN_NON_LITERAL_NULL_CONVERSION = YES;
				CLANG_WARN_OBJC_IMPLICIT_RETAIN_SELF = YES;
				CLANG_WARN_OBJC_LITERAL_CONVERSION = YES;
				CLANG_WARN_OBJC_ROOT_CLASS = YES_ERROR;
				CLANG_WARN_QUOTED_INCLUDE_IN_FRAMEWORK_HEADER = YES;
				CLANG_WARN_RANGE_LOOP_ANALYSIS = YES;
				CLANG_WARN_STRICT_PROTOTYPES = YES;
				CLANG_WARN_SUSPICIOUS_MOVE = YES;
				CLANG_WARN_UNGUARDED_AVAILABILITY = YES_AGGRESSIVE;
				CLANG_WARN_UNREACHABLE_CODE = YES;
				CLANG_WARN__DUPLICATE_METHOD_MATCH = YES;
				COPY_PHASE_STRIP = NO;
				DEBUG_INFORMATION_FORMAT = dwarf;
				ENABLE_STRICT_OBJC_MSGSEND = YES;
				ENABLE_TESTABILITY = YES;
				GCC_C_LANGUAGE_STANDARD = gnu11;
				GCC_DYNAMIC_NO_PIC = NO;
				GCC_NO_COMMON_BLOCKS = YES;
				GCC_OPTIMIZATION_LEVEL = 0;
				GCC_PREPROCESSOR_DEFINITIONS = (
					"DEBUG=1",
					"$(inherited)",
				);
				GCC_WARN_64_TO_32_BIT_CONVERSION = YES;
				GCC_WARN_ABOUT_RETURN_TYPE = YES_ERROR;
				GCC_WARN_UNDECLARED_SELECTOR = YES;
				GCC_WARN_UNINITIALIZED_AUTOS = YES_AGGRESSIVE;
				GCC_WARN_UNUSED_FUNCTION = YES;
				GCC_WARN_UNUSED_VARIABLE = YES;
				IPHONEOS_DEPLOYMENT_TARGET = 14.5;
				MTL_ENABLE_DEBUG_INFO = INCLUDE_SOURCE;
				MTL_FAST_MATH = YES;
				ONLY_ACTIVE_ARCH = YES;
				SDKROOT = iphoneos;
				SWIFT_ACTIVE_COMPILATION_CONDITIONS = DEBUG;
				SWIFT_OPTIMIZATION_LEVEL = "-Onone";
			};
			name = Debug;
		};
		348F1111267E47D200EA5EAB /* Debug */ = {
			isa = XCBuildConfiguration;
			baseConfigurationReference = 3484F89C267F36B20020E856 /* DebugTarget.xcconfig */;
			buildSettings = {
				ASSETCATALOG_COMPILER_APPICON_NAME = AppIcon;
				ASSETCATALOG_COMPILER_GLOBAL_ACCENT_COLOR_NAME = AccentColor;
				CODE_SIGN_STYLE = Automatic;
				DEVELOPMENT_TEAM = F7C55VYF9A;
				EXCLUDED_ARCHS = "";
				INFOPLIST_FILE = Moments/Info.plist;
				LD_RUNPATH_SEARCH_PATHS = (
					"$(inherited)",
					"@executable_path/Frameworks",
				);
				PRODUCT_BUNDLE_IDENTIFIER = com.voyagecn.Moments;
				PRODUCT_NAME = "$(TARGET_NAME)";
				SWIFT_VERSION = 5.0;
				TARGETED_DEVICE_FAMILY = "1,2";
			};
			name = Debug;
		};
		348F1114267E47D200EA5EAB /* Debug */ = {
			isa = XCBuildConfiguration;
			baseConfigurationReference = EED26CDEFAB196DC88B14B2E /* Pods-MomentsTests.debug.xcconfig */;
			buildSettings = {
				BUNDLE_LOADER = "$(TEST_HOST)";
				CODE_SIGN_STYLE = Automatic;
				DEVELOPMENT_TEAM = F7C55VYF9A;
				INFOPLIST_FILE = MomentsTests/Info.plist;
				IPHONEOS_DEPLOYMENT_TARGET = 14.5;
				LD_RUNPATH_SEARCH_PATHS = (
					"$(inherited)",
					"@executable_path/Frameworks",
					"@loader_path/Frameworks",
				);
				PRODUCT_BUNDLE_IDENTIFIER = com.voyagecn.MomentsTests;
				PRODUCT_NAME = "$(TARGET_NAME)";
				SWIFT_VERSION = 5.0;
				TARGETED_DEVICE_FAMILY = "1,2";
				TEST_HOST = "$(BUILT_PRODUCTS_DIR)/Moments.app/Moments";
			};
			name = Debug;
		};
		348F1117267E47D200EA5EAB /* Debug */ = {
			isa = XCBuildConfiguration;
			buildSettings = {
				CODE_SIGN_STYLE = Automatic;
				DEVELOPMENT_TEAM = F7C55VYF9A;
				INFOPLIST_FILE = MomentsUITests/Info.plist;
				LD_RUNPATH_SEARCH_PATHS = (
					"$(inherited)",
					"@executable_path/Frameworks",
					"@loader_path/Frameworks",
				);
				PRODUCT_BUNDLE_IDENTIFIER = com.voyagecn.MomentsUITests;
				PRODUCT_NAME = "$(TARGET_NAME)";
				SWIFT_VERSION = 5.0;
				TARGETED_DEVICE_FAMILY = "1,2";
				TEST_TARGET_NAME = Moments;
			};
			name = Debug;
		};
/* End XCBuildConfiguration section */

/* Begin XCConfigurationList section */
		348F10E1267E47D100EA5EAB /* Build configuration list for PBXProject "Moments" */ = {
			isa = XCConfigurationList;
			buildConfigurations = (
				348F110E267E47D200EA5EAB /* Debug */,
				3484F8BC267F397C0020E856 /* AppStore */,
				3484F8B8267F39760020E856 /* Internal */,
			);
			defaultConfigurationIsVisible = 0;
			defaultConfigurationName = Debug;
		};
		348F1110267E47D200EA5EAB /* Build configuration list for PBXNativeTarget "Moments" */ = {
			isa = XCConfigurationList;
			buildConfigurations = (
				348F1111267E47D200EA5EAB /* Debug */,
				3484F8BD267F397C0020E856 /* AppStore */,
				3484F8B9267F39760020E856 /* Internal */,
			);
			defaultConfigurationIsVisible = 0;
			defaultConfigurationName = Debug;
		};
		348F1113267E47D200EA5EAB /* Build configuration list for PBXNativeTarget "MomentsTests" */ = {
			isa = XCConfigurationList;
			buildConfigurations = (
				348F1114267E47D200EA5EAB /* Debug */,
				3484F8BE267F397C0020E856 /* AppStore */,
				3484F8BA267F39760020E856 /* Internal */,
			);
			defaultConfigurationIsVisible = 0;
			defaultConfigurationName = Debug;
		};
		348F1116267E47D200EA5EAB /* Build configuration list for PBXNativeTarget "MomentsUITests" */ = {
			isa = XCConfigurationList;
			buildConfigurations = (
				348F1117267E47D200EA5EAB /* Debug */,
				3484F8BF267F397C0020E856 /* AppStore */,
				3484F8BB267F39760020E856 /* Internal */,
			);
			defaultConfigurationIsVisible = 0;
			defaultConfigurationName = Debug;
		};
/* End XCConfigurationList section */
	};
	rootObject = 348F10DE267E47D100EA5EAB /* Project object */;
}
